
Microsoft Visual Studio Solution File, Format Version 12.00
# Visual Studio Version 17
VisualStudioVersion = 17.3.32819.101
MinimumVisualStudioVersion = 10.0.40219.1
Project("{8BC9CEB8-8B4A-11D0-8D11-00A0C91BC942}") = "shot00", "shot00.vcxproj", "{62DE2607-E9B7-4247-964F-6EDB601AE394}"
EndProject
Global
	GlobalSection(SolutionConfigurationPlatforms) = preSolution
		Debug|x64 = Debug|x64
		Debug|x86 = Debug|x86
		Release|x64 = Release|x64
		Release|x86 = Release|x86
	EndGlobalSection
	GlobalSection(ProjectConfigurationPlatforms) = postSolution
		{62DE2607-E9B7-4247-964F-6EDB601AE394}.Debug|x64.ActiveCfg = Debug|x64
		{62DE2607-E9B7-4247-964F-6EDB601AE394}.Debug|x64.Build.0 = Debug|x64
		{62DE2607-E9B7-4247-964F-6EDB601AE394}.Debug|x86.ActiveCfg = Debug|Win32
		{62DE2607-E9B7-4247-964F-6EDB601AE394}.Debug|x86.Build.0 = Debug|Win32
		{62DE2607-E9B7-4247-964F-6EDB601AE394}.Release|x64.ActiveCfg = Release|x64
		{62DE2607-E9B7-4247-964F-6EDB601AE394}.Release|x64.Build.0 = Release|x64
		{62DE2607-E9B7-4247-964F-6EDB601AE394}.Release|x86.ActiveCfg = Release|Win32
		{62DE2607-E9B7-4247-964F-6EDB601AE394}.Release|x86.Build.0 = Release|Win32
	EndGlobalSection
	GlobalSection(SolutionProperties) = preSolution
		HideSolutionNode = FALSE
	EndGlobalSection
	GlobalSection(ExtensibilityGlobals) = postSolution
		SolutionGuid = {4D634701-1950-4861-9CEA-1393AC13E3F9}
	EndGlobalSection
EndGlobal
